{
  "originHash" : "61c5f6e5b0bf1e145ccada78a69acf42a79ac9da727984a65e4517dc4667671f",
  "pins" : [
    {
      "identity" : "litert-lm",
      "kind" : "remoteSourceControl",
      "location" : "https://github.com/google-ai-edge/LiteRT-LM",
      "state" : {
        "revision" : "bbc5181df03c6962d7786ce4ad72c8565232d2b2",
        "version" : "0.13.0"
      }
    }
  ],
  "version" : 3
}
